
Microsoft Visual Studio Solution File, Format Version 12.00
# Visual Studio 15
VisualStudioVersion = 15.0.27130.2036
MinimumVisualStudioVersion = 10.0.40219.1
Project("{FAE04EC0-301F-11D3-BF4B-00C04F79EFBC}") = "FuckingClippy", "FuckingClippy\FuckingClippy.csproj", "{1AB8CA9E-5A8D-4A9F-ADF9-3280D3AB00B6}"
EndProject
Global
	GlobalSection(SolutionConfigurationPlatforms) = preSolution
		Debug|Any CPU = Debug|Any CPU
		Release|Any CPU = Release|Any CPU
	EndGlobalSection
	GlobalSection(ProjectConfigurationPlatforms) = postSolution
		{1AB8CA9E-5A8D-4A9F-ADF9-3280D3AB00B6}.Debug|Any CPU.ActiveCfg = Debug|Any CPU
		{1AB8CA9E-5A8D-4A9F-ADF9-3280D3AB00B6}.Debug|Any CPU.Build.0 = Debug|Any CPU
		{1AB8CA9E-5A8D-4A9F-ADF9-3280D3AB00B6}.Release|Any CPU.ActiveCfg = Release|Any CPU
		{1AB8CA9E-5A8D-4A9F-ADF9-3280D3AB00B6}.Release|Any CPU.Build.0 = Release|Any CPU
	EndGlobalSection
	GlobalSection(SolutionProperties) = preSolution
		HideSolutionNode = FALSE
	EndGlobalSection
	GlobalSection(ExtensibilityGlobals) = postSolution
		SolutionGuid = {8F282C82-8544-4F81-B54D-13136AE7F93B}
	EndGlobalSection
EndGlobal
